
Microsoft Visual Studio Solution File, Format Version 12.00
# Visual Studio 2015
Project("{FAE04EC0-301F-11D3-BF4B-00C04F79EFBC}") = "Tetris v2.CSharp", "Tetris v2.CSharp.csproj", "{1BA24D8E-D982-971E-9EE5-36597F8F4103}"
EndProject
Global
	GlobalSection(SolutionConfigurationPlatforms) = preSolution
		Debug|Any CPU = Debug|Any CPU
		Release|Any CPU = Release|Any CPU
	EndGlobalSection
	GlobalSection(ProjectConfigurationPlatforms) = postSolution
		{1BA24D8E-D982-971E-9EE5-36597F8F4103}.Debug|Any CPU.ActiveCfg = Debug|Any CPU
		{1BA24D8E-D982-971E-9EE5-36597F8F4103}.Debug|Any CPU.Build.0 = Debug|Any CPU
		{1BA24D8E-D982-971E-9EE5-36597F8F4103}.Release|Any CPU.ActiveCfg = Release|Any CPU
		{1BA24D8E-D982-971E-9EE5-36597F8F4103}.Release|Any CPU.Build.0 = Release|Any CPU
	EndGlobalSection
	GlobalSection(SolutionProperties) = preSolution
		HideSolutionNode = FALSE
	EndGlobalSection
EndGlobal
